
Microsoft Visual Studio Solution File, Format Version 12.00
# Visual Studio Version 17
VisualStudioVersion = 17.3.32922.545
MinimumVisualStudioVersion = 10.0.40219.1
Project("{9A19103F-16F7-4668-BE54-9A1E7A4F7556}") = "Cheerful", "Src\Cheerful\Cheerful.csproj", "{9EC95334-89C2-41DC-8C91-6CE20AD6BB44}"
EndProject
Project("{9A19103F-16F7-4668-BE54-9A1E7A4F7556}") = "Cheerful.Test", "Test\Cheerful.Test\Cheerful.Test.csproj", "{6ADFF6BF-B0AC-4E46-889D-41755D5855E6}"
EndProject
Project("{2150E333-8FDC-42A3-9474-1A3956D46DE8}") = "SolutionItems", "SolutionItems", "{21ED279E-9EF7-491E-AD65-F40A6DE23550}"
	ProjectSection(SolutionItems) = preProject
		.github\pull_request_template.md = .github\pull_request_template.md
		README.md = README.md
	EndProjectSection
EndProject
Project("{2150E333-8FDC-42A3-9474-1A3956D46DE8}") = "workflows", "workflows", "{BE39BEB1-08A4-4B6F-AB0F-D48C8960905E}"
	ProjectSection(SolutionItems) = preProject
		.github\workflows\build.yml = .github\workflows\build.yml
		.github\workflows\codeql.yml = .github\workflows\codeql.yml
		.github\workflows\release.yml = .github\workflows\release.yml
	EndProjectSection
EndProject
Project("{2150E333-8FDC-42A3-9474-1A3956D46DE8}") = "ISSUE_TEMPLATE", "ISSUE_TEMPLATE", "{88B8C605-E394-4FAE-A6DA-851164CC0E83}"
	ProjectSection(SolutionItems) = preProject
		.github\ISSUE_TEMPLATE\bug-report.md = .github\ISSUE_TEMPLATE\bug-report.md
		.github\ISSUE_TEMPLATE\feature-request.md = .github\ISSUE_TEMPLATE\feature-request.md
		.github\ISSUE_TEMPLATE\issue-feedback.md = .github\ISSUE_TEMPLATE\issue-feedback.md
	EndProjectSection
EndProject
Project("{2150E333-8FDC-42A3-9474-1A3956D46DE8}") = "Test", "Test", "{96F292A1-B66F-4F93-B935-46F47DEEBCC2}"
EndProject
Project("{2150E333-8FDC-42A3-9474-1A3956D46DE8}") = "Src", "Src", "{53653982-01B9-4FEF-B992-E04367FBA67C}"
EndProject
Global
	GlobalSection(SolutionConfigurationPlatforms) = preSolution
		Debug|Any CPU = Debug|Any CPU
		Release|Any CPU = Release|Any CPU
	EndGlobalSection
	GlobalSection(ProjectConfigurationPlatforms) = postSolution
		{9EC95334-89C2-41DC-8C91-6CE20AD6BB44}.Debug|Any CPU.ActiveCfg = Debug|Any CPU
		{9EC95334-89C2-41DC-8C91-6CE20AD6BB44}.Debug|Any CPU.Build.0 = Debug|Any CPU
		{9EC95334-89C2-41DC-8C91-6CE20AD6BB44}.Release|Any CPU.ActiveCfg = Release|Any CPU
		{9EC95334-89C2-41DC-8C91-6CE20AD6BB44}.Release|Any CPU.Build.0 = Release|Any CPU
		{6ADFF6BF-B0AC-4E46-889D-41755D5855E6}.Debug|Any CPU.ActiveCfg = Debug|Any CPU
		{6ADFF6BF-B0AC-4E46-889D-41755D5855E6}.Debug|Any CPU.Build.0 = Debug|Any CPU
		{6ADFF6BF-B0AC-4E46-889D-41755D5855E6}.Release|Any CPU.ActiveCfg = Release|Any CPU
		{6ADFF6BF-B0AC-4E46-889D-41755D5855E6}.Release|Any CPU.Build.0 = Release|Any CPU
	EndGlobalSection
	GlobalSection(SolutionProperties) = preSolution
		HideSolutionNode = FALSE
	EndGlobalSection
	GlobalSection(NestedProjects) = preSolution
		{9EC95334-89C2-41DC-8C91-6CE20AD6BB44} = {53653982-01B9-4FEF-B992-E04367FBA67C}
		{6ADFF6BF-B0AC-4E46-889D-41755D5855E6} = {96F292A1-B66F-4F93-B935-46F47DEEBCC2}
		{BE39BEB1-08A4-4B6F-AB0F-D48C8960905E} = {21ED279E-9EF7-491E-AD65-F40A6DE23550}
		{88B8C605-E394-4FAE-A6DA-851164CC0E83} = {21ED279E-9EF7-491E-AD65-F40A6DE23550}
	EndGlobalSection
	GlobalSection(ExtensibilityGlobals) = postSolution
		SolutionGuid = {5A902835-89B7-43BE-BC75-E1E7FF7EECB2}
	EndGlobalSection
EndGlobal
